# This file is automatically @generated by Cargo.
# It is not intended for manual editing.
[[package]]
name = "bitvec"
version = "0.16.0"
source = "registry+https://github.com/rust-lang/crates.io-index"
dependencies = [
 "either 1.5.3 (registry+https://github.com/rust-lang/crates.io-index)",
 "radium 0.2.0 (registry+https://github.com/rust-lang/crates.io-index)",
]

[[package]]
name = "either"
version = "1.5.3"
source = "registry+https://github.com/rust-lang/crates.io-index"

[[package]]
name = "radium"
version = "0.2.0"
source = "registry+https://github.com/rust-lang/crates.io-index"

[[package]]
name = "sha3"
version = "0.1.0"
dependencies = [
 "bitvec 0.16.0 (registry+https://github.com/rust-lang/crates.io-index)",
]

[metadata]
"checksum bitvec 0.16.0 (registry+https://github.com/rust-lang/crates.io-index)" = "f0612f00cdcd111f0df3f35bffab750d4c8cbf5e2a4990484853df4cdd28d745"
"checksum either 1.5.3 (registry+https://github.com/rust-lang/crates.io-index)" = "bb1f6b1ce1c140482ea30ddd3335fc0024ac7ee112895426e0a629a6c20adfe3"
"checksum radium 0.2.0 (registry+https://github.com/rust-lang/crates.io-index)" = "811a10407788a167f6d90e9f847f7db1d4a178a0bbb8120a988feab19c0628c4"
